
Microsoft Visual Studio Solution File, Format Version 12.00
# Visual Studio Version 17
VisualStudioVersion = 17.8.34511.84
MinimumVisualStudioVersion = 10.0.40219.1
Project("{FAE04EC0-301F-11D3-BF4B-00C04F79EFBC}") = "Golden Drugs", "Golden Drugs\Golden Drugs.csproj", "{74A46157-3A91-4652-828A-25E1965D3F2F}"
EndProject
Global
	GlobalSection(SolutionConfigurationPlatforms) = preSolution
		Debug|Any CPU = Debug|Any CPU
		Release|Any CPU = Release|Any CPU
	EndGlobalSection
	GlobalSection(ProjectConfigurationPlatforms) = postSolution
		{74A46157-3A91-4652-828A-25E1965D3F2F}.Debug|Any CPU.ActiveCfg = Debug|Any CPU
		{74A46157-3A91-4652-828A-25E1965D3F2F}.Debug|Any CPU.Build.0 = Debug|Any CPU
		{74A46157-3A91-4652-828A-25E1965D3F2F}.Release|Any CPU.ActiveCfg = Release|Any CPU
		{74A46157-3A91-4652-828A-25E1965D3F2F}.Release|Any CPU.Build.0 = Release|Any CPU
	EndGlobalSection
	GlobalSection(SolutionProperties) = preSolution
		HideSolutionNode = FALSE
	EndGlobalSection
	GlobalSection(ExtensibilityGlobals) = postSolution
		SolutionGuid = {067E87A9-5C30-4667-A012-91889948D331}
	EndGlobalSection
EndGlobal
